// !$*UTF8*$!
{
	archiveVersion = 1;
	classes = {
	};
	objectVersion = 50;
	objects = {

/* Begin PBXBuildFile section */
		FA205C1D24D96873008423AF /* Concentration.swift in Sources */ = {isa = PBXBuildFile; fileRef = FA205C1C24D96873008423AF /* Concentration.swift */; };
		FA205C1F24D9692F008423AF /* Card.swift in Sources */ = {isa = PBXBuildFile; fileRef = FA205C1E24D9692F008423AF /* Card.swift */; };
		FA205C2124D9A568008423AF /* EmojiTheme.swift in Sources */ = {isa = PBXBuildFile; fileRef = FA205C2024D9A568008423AF /* EmojiTheme.swift */; };
		FA49300924D94DAC00F99607 /* AppDelegate.swift in Sources */ = {isa = PBXBuildFile; fileRef = FA49300824D94DAC00F99607 /* AppDelegate.swift */; };
		FA49300B24D94DAC00F99607 /* SceneDelegate.swift in Sources */ = {isa = PBXBuildFile; fileRef = FA49300A24D94DAC00F99607 /* SceneDelegate.swift */; };
		FA49300D24D94DAC00F99607 /* ConcentrationViewController.swift in Sources */ = {isa = PBXBuildFile; fileRef = FA49300C24D94DAC00F99607 /* ConcentrationViewController.swift */; };
		FA49301024D94DAC00F99607 /* Main.storyboard in Resources */ = {isa = PBXBuildFile; fileRef = FA49300E24D94DAC00F99607 /* Main.storyboard */; };
		FA49301224D94DAF00F99607 /* Assets.xcassets in Resources */ = {isa = PBXBuildFile; fileRef = FA49301124D94DAF00F99607 /* Assets.xcassets */; };
		FA49301524D94DAF00F99607 /* LaunchScreen.storyboard in Resources */ = {isa = PBXBuildFile; fileRef = FA49301324D94DAF00F99607 /* LaunchScreen.storyboard */; };
		FA5570DE24DA9B510035A45D /* ColorTheme.swift in Sources */ = {isa = PBXBuildFile; fileRef = FA5570DD24DA9B510035A45D /* ColorTheme.swift */; };
		FA6FBCDC2500F95300D04BCF /* ConcentrationThemeChooserViewController.swift in Sources */ = {isa = PBXBuildFile; fileRef = FA6FBCDB2500F95300D04BCF /* ConcentrationThemeChooserViewController.swift */; };
/* End PBXBuildFile section */

/* Begin PBXFileReference section */
		FA205C1C24D96873008423AF /* Concentration.swift */ = {isa = PBXFileReference; lastKnownFileType = sourcecode.swift; path = Concentration.swift; sourceTree = "<group>"; };
		FA205C1E24D9692F008423AF /* Card.swift */ = {isa = PBXFileReference; lastKnownFileType = sourcecode.swift; path = Card.swift; sourceTree = "<group>"; };
		FA205C2024D9A568008423AF /* EmojiTheme.swift */ = {isa = PBXFileReference; lastKnownFileType = sourcecode.swift; path = EmojiTheme.swift; sourceTree = "<group>"; };
		FA49300524D94DAC00F99607 /* Concentration.app */ = {isa = PBXFileReference; explicitFileType = wrapper.application; includeInIndex = 0; path = Concentration.app; sourceTree = BUILT_PRODUCTS_DIR; };
		FA49300824D94DAC00F99607 /* AppDelegate.swift */ = {isa = PBXFileReference; lastKnownFileType = sourcecode.swift; path = AppDelegate.swift; sourceTree = "<group>"; };
		FA49300A24D94DAC00F99607 /* SceneDelegate.swift */ = {isa = PBXFileReference; lastKnownFileType = sourcecode.swift; path = SceneDelegate.swift; sourceTree = "<group>"; };
		FA49300C24D94DAC00F99607 /* ConcentrationViewController.swift */ = {isa = PBXFileReference; lastKnownFileType = sourcecode.swift; path = ConcentrationViewController.swift; sourceTree = "<group>"; };
		FA49300F24D94DAC00F99607 /* Base */ = {isa = PBXFileReference; lastKnownFileType = file.storyboard; name = Base; path = Base.lproj/Main.storyboard; sourceTree = "<group>"; };
		FA49301124D94DAF00F99607 /* Assets.xcassets */ = {isa = PBXFileReference; lastKnownFileType = folder.assetcatalog; path = Assets.xcassets; sourceTree = "<group>"; };
		FA49301424D94DAF00F99607 /* Base */ = {isa = PBXFileReference; lastKnownFileType = file.storyboard; name = Base; path = Base.lproj/LaunchScreen.storyboard; sourceTree = "<group>"; };
		FA49301624D94DAF00F99607 /* Info.plist */ = {isa = PBXFileReference; lastKnownFileType = text.plist.xml; path = Info.plist; sourceTree = "<group>"; };
		FA5570DD24DA9B510035A45D /* ColorTheme.swift */ = {isa = PBXFileReference; lastKnownFileType = sourcecode.swift; path = ColorTheme.swift; sourceTree = "<group>"; };
		FA6FBCDB2500F95300D04BCF /* ConcentrationThemeChooserViewController.swift */ = {isa = PBXFileReference; lastKnownFileType = sourcecode.swift; path = ConcentrationThemeChooserViewController.swift; sourceTree = "<group>"; };
/* End PBXFileReference section */

/* Begin PBXFrameworksBuildPhase section */
		FA49300224D94DAC00F99607 /* Frameworks */ = {
			isa = PBXFrameworksBuildPhase;
			buildActionMask = 2147483647;
			files = (
			);
			runOnlyForDeploymentPostprocessing = 0;
		};
/* End PBXFrameworksBuildPhase section */

/* Begin PBXGroup section */
		FA492FFC24D94DAC00F99607 = {
			isa = PBXGroup;
			children = (
				FA49300724D94DAC00F99607 /* Concentration */,
				FA49300624D94DAC00F99607 /* Products */,
			);
			sourceTree = "<group>";
		};
		FA49300624D94DAC00F99607 /* Products */ = {
			isa = PBXGroup;
			children = (
				FA49300524D94DAC00F99607 /* Concentration.app */,
			);
			name = Products;
			sourceTree = "<group>";
		};
		FA49300724D94DAC00F99607 /* Concentration */ = {
			isa = PBXGroup;
			children = (
				FA49300C24D94DAC00F99607 /* ConcentrationViewController.swift */,
				FA6FBCDB2500F95300D04BCF /* ConcentrationThemeChooserViewController.swift */,
				FA205C1C24D96873008423AF /* Concentration.swift */,
				FA205C1E24D9692F008423AF /* Card.swift */,
				FA205C2024D9A568008423AF /* EmojiTheme.swift */,
				FA5570DD24DA9B510035A45D /* ColorTheme.swift */,
				FA49300E24D94DAC00F99607 /* Main.storyboard */,
				FA49301C24D94E4400F99607 /* Supporting Files */,
				FA49301624D94DAF00F99607 /* Info.plist */,
			);
			path = Concentration;
			sourceTree = "<group>";
		};
		FA49301C24D94E4400F99607 /* Supporting Files */ = {
			isa = PBXGroup;
			children = (
				FA49300824D94DAC00F99607 /* AppDelegate.swift */,
				FA49300A24D94DAC00F99607 /* SceneDelegate.swift */,
				FA49301124D94DAF00F99607 /* Assets.xcassets */,
				FA49301324D94DAF00F99607 /* LaunchScreen.storyboard */,
			);
			path = "Supporting Files";
			sourceTree = "<group>";
		};
/* End PBXGroup section */

/* Begin PBXNativeTarget section */
		FA49300424D94DAC00F99607 /* Concentration */ = {
			isa = PBXNativeTarget;
			buildConfigurationList = FA49301924D94DAF00F99607 /* Build configuration list for PBXNativeTarget "Concentration" */;
			buildPhases = (
				FA49300124D94DAC00F99607 /* Sources */,
				FA49300224D94DAC00F99607 /* Frameworks */,
				FA49300324D94DAC00F99607 /* Resources */,
			);
			buildRules = (
			);
			dependencies = (
			);
			name = Concentration;
			productName = Concentration;
			productReference = FA49300524D94DAC00F99607 /* Concentration.app */;
			productType = "com.apple.product-type.application";
		};
/* End PBXNativeTarget section */

/* Begin PBXProject section */
		FA492FFD24D94DAC00F99607 /* Project object */ = {
			isa = PBXProject;
			attributes = {
				LastSwiftUpdateCheck = 1160;
				LastUpgradeCheck = 1160;
				ORGANIZATIONNAME = "Alex Grebenkin";
				TargetAttributes = {
					FA49300424D94DAC00F99607 = {
						CreatedOnToolsVersion = 11.6;
					};
				};
			};
			buildConfigurationList = FA49300024D94DAC00F99607 /* Build configuration list for PBXProject "Concentration" */;
			compatibilityVersion = "Xcode 9.3";
			developmentRegion = en;
			hasScannedForEncodings = 0;
			knownRegions = (
				en,
				Base,
			);
			mainGroup = FA492FFC24D94DAC00F99607;
			productRefGroup = FA49300624D94DAC00F99607 /* Products */;
			projectDirPath = "";
			projectRoot = "";
			targets = (
				FA49300424D94DAC00F99607 /* Concentration */,
			);
		};
/* End PBXProject section */

/* Begin PBXResourcesBuildPhase section */
		FA49300324D94DAC00F99607 /* Resources */ = {
			isa = PBXResourcesBuildPhase;
			buildActionMask = 2147483647;
			files = (
				FA49301524D94DAF00F99607 /* LaunchScreen.storyboard in Resources */,
				FA49301224D94DAF00F99607 /* Assets.xcassets in Resources */,
				FA49301024D94DAC00F99607 /* Main.storyboard in Resources */,
			);
			runOnlyForDeploymentPostprocessing = 0;
		};
/* End PBXResourcesBuildPhase section */

/* Begin PBXSourcesBuildPhase section */
		FA49300124D94DAC00F99607 /* Sources */ = {
			isa = PBXSourcesBuildPhase;
			buildActionMask = 2147483647;
			files = (
				FA49300D24D94DAC00F99607 /* ConcentrationViewController.swift in Sources */,
				FA205C1D24D96873008423AF /* Concentration.swift in Sources */,
				FA5570DE24DA9B510035A45D /* ColorTheme.swift in Sources */,
				FA205C1F24D9692F008423AF /* Card.swift in Sources */,
				FA6FBCDC2500F95300D04BCF /* ConcentrationThemeChooserViewController.swift in Sources */,
				FA205C2124D9A568008423AF /* EmojiTheme.swift in Sources */,
				FA49300924D94DAC00F99607 /* AppDelegate.swift in Sources */,
				FA49300B24D94DAC00F99607 /* SceneDelegate.swift in Sources */,
			);
			runOnlyForDeploymentPostprocessing = 0;
		};
/* End PBXSourcesBuildPhase section */

/* Begin PBXVariantGroup section */
		FA49300E24D94DAC00F99607 /* Main.storyboard */ = {
			isa = PBXVariantGroup;
			children = (
				FA49300F24D94DAC00F99607 /* Base */,
			);
			name = Main.storyboard;
			sourceTree = "<group>";
			usesTabs = 0;
		};
		FA49301324D94DAF00F99607 /* LaunchScreen.storyboard */ = {
			isa = PBXVariantGroup;
			children = (
				FA49301424D94DAF00F99607 /* Base */,
			);
			name = LaunchScreen.storyboard;
			sourceTree = "<group>";
		};
/* End PBXVariantGroup section */

/* Begin XCBuildConfiguration section */
		FA49301724D94DAF00F99607 /* Debug */ = {
			isa = XCBuildConfiguration;
			buildSettings = {
				ALWAYS_SEARCH_USER_PATHS = NO;
				CLANG_ANALYZER_NONNULL = YES;
				CLANG_ANALYZER_NUMBER_OBJECT_CONVERSION = YES_AGGRESSIVE;
				CLANG_CXX_LANGUAGE_STANDARD = "gnu++14";
				CLANG_CXX_LIBRARY = "libc++";
				CLANG_ENABLE_MODULES = YES;
				CLANG_ENABLE_OBJC_ARC = YES;
				CLANG_ENABLE_OBJC_WEAK = YES;
				CLANG_WARN_BLOCK_CAPTURE_AUTORELEASING = YES;
				CLANG_WARN_BOOL_CONVERSION = YES;
				CLANG_WARN_COMMA = YES;
				CLANG_WARN_CONSTANT_CONVERSION = YES;
				CLANG_WARN_DEPRECATED_OBJC_IMPLEMENTATIONS = YES;
				CLANG_WARN_DIRECT_OBJC_ISA_USAGE = YES_ERROR;
				CLANG_WARN_DOCUMENTATION_COMMENTS = YES;
				CLANG_WARN_EMPTY_BODY = YES;
				CLANG_WARN_ENUM_CONVERSION = YES;
				CLANG_WARN_INFINITE_RECURSION = YES;
				CLANG_WARN_INT_CONVERSION = YES;
				CLANG_WARN_NON_LITERAL_NULL_CONVERSION = YES;
				CLANG_WARN_OBJC_IMPLICIT_RETAIN_SELF = YES;
				CLANG_WARN_OBJC_LITERAL_CONVERSION = YES;
				CLANG_WARN_OBJC_ROOT_CLASS = YES_ERROR;
				CLANG_WARN_RANGE_LOOP_ANALYSIS = YES;
				CLANG_WARN_STRICT_PROTOTYPES = YES;
				CLANG_WARN_SUSPICIOUS_MOVE = YES;
				CLANG_WARN_UNGUARDED_AVAILABILITY = YES_AGGRESSIVE;
				CLANG_WARN_UNREACHABLE_CODE = YES;
				CLANG_WARN__DUPLICATE_METHOD_MATCH = YES;
				COPY_PHASE_STRIP = NO;
				DEBUG_INFORMATION_FORMAT = dwarf;
				ENABLE_STRICT_OBJC_MSGSEND = YES;
				ENABLE_TESTABILITY = YES;
				GCC_C_LANGUAGE_STANDARD = gnu11;
				GCC_DYNAMIC_NO_PIC = NO;
				GCC_NO_COMMON_BLOCKS = YES;
				GCC_OPTIMIZATION_LEVEL = 0;
				GCC_PREPROCESSOR_DEFINITIONS = (
					"DEBUG=1",
					"$(inherited)",
				);
				GCC_WARN_64_TO_32_BIT_CONVERSION = YES;
				GCC_WARN_ABOUT_RETURN_TYPE = YES_ERROR;
				GCC_WARN_UNDECLARED_SELECTOR = YES;
				GCC_WARN_UNINITIALIZED_AUTOS = YES_AGGRESSIVE;
				GCC_WARN_UNUSED_FUNCTION = YES;
				GCC_WARN_UNUSED_VARIABLE = YES;
				IPHONEOS_DEPLOYMENT_TARGET = 13.6;
				MTL_ENABLE_DEBUG_INFO = INCLUDE_SOURCE;
				MTL_FAST_MATH = YES;
				ONLY_ACTIVE_ARCH = YES;
				SDKROOT = iphoneos;
				SWIFT_ACTIVE_COMPILATION_CONDITIONS = DEBUG;
				SWIFT_OPTIMIZATION_LEVEL = "-Onone";
			};
			name = Debug;
		};
		FA49301824D94DAF00F99607 /* Release */ = {
			isa = XCBuildConfiguration;
			buildSettings = {
				ALWAYS_SEARCH_USER_PATHS = NO;
				CLANG_ANALYZER_NONNULL = YES;
				CLANG_ANALYZER_NUMBER_OBJECT_CONVERSION = YES_AGGRESSIVE;
				CLANG_CXX_LANGUAGE_STANDARD = "gnu++14";
				CLANG_CXX_LIBRARY = "libc++";
				CLANG_ENABLE_MODULES = YES;
				CLANG_ENABLE_OBJC_ARC = YES;
				CLANG_ENABLE_OBJC_WEAK = YES;
				CLANG_WARN_BLOCK_CAPTURE_AUTORELEASING = YES;
				CLANG_WARN_BOOL_CONVERSION = YES;
				CLANG_WARN_COMMA = YES;
				CLANG_WARN_CONSTANT_CONVERSION = YES;
				CLANG_WARN_DEPRECATED_OBJC_IMPLEMENTATIONS = YES;
				CLANG_WARN_DIRECT_OBJC_ISA_USAGE = YES_ERROR;
				CLANG_WARN_DOCUMENTATION_COMMENTS = YES;
				CLANG_WARN_EMPTY_BODY = YES;
				CLANG_WARN_ENUM_CONVERSION = YES;
				CLANG_WARN_INFINITE_RECURSION = YES;
				CLANG_WARN_INT_CONVERSION = YES;
				CLANG_WARN_NON_LITERAL_NULL_CONVERSION = YES;
				CLANG_WARN_OBJC_IMPLICIT_RETAIN_SELF = YES;
				CLANG_WARN_OBJC_LITERAL_CONVERSION = YES;
				CLANG_WARN_OBJC_ROOT_CLASS = YES_ERROR;
				CLANG_WARN_RANGE_LOOP_ANALYSIS = YES;
				CLANG_WARN_STRICT_PROTOTYPES = YES;
				CLANG_WARN_SUSPICIOUS_MOVE = YES;
				CLANG_WARN_UNGUARDED_AVAILABILITY = YES_AGGRESSIVE;
				CLANG_WARN_UNREACHABLE_CODE = YES;
				CLANG_WARN__DUPLICATE_METHOD_MATCH = YES;
				COPY_PHASE_STRIP = NO;
				DEBUG_INFORMATION_FORMAT = "dwarf-with-dsym";
				ENABLE_NS_ASSERTIONS = NO;
				ENABLE_STRICT_OBJC_MSGSEND = YES;
				GCC_C_LANGUAGE_STANDARD = gnu11;
				GCC_NO_COMMON_BLOCKS = YES;
				GCC_WARN_64_TO_32_BIT_CONVERSION = YES;
				GCC_WARN_ABOUT_RETURN_TYPE = YES_ERROR;
				GCC_WARN_UNDECLARED_SELECTOR = YES;
				GCC_WARN_UNINITIALIZED_AUTOS = YES_AGGRESSIVE;
				GCC_WARN_UNUSED_FUNCTION = YES;
				GCC_WARN_UNUSED_VARIABLE = YES;
				IPHONEOS_DEPLOYMENT_TARGET = 13.6;
				MTL_ENABLE_DEBUG_INFO = NO;
				MTL_FAST_MATH = YES;
				SDKROOT = iphoneos;
				SWIFT_COMPILATION_MODE = wholemodule;
				SWIFT_OPTIMIZATION_LEVEL = "-O";
				VALIDATE_PRODUCT = YES;
			};
			name = Release;
		};
		FA49301A24D94DAF00F99607 /* Debug */ = {
			isa = XCBuildConfiguration;
			buildSettings = {
				ASSETCATALOG_COMPILER_APPICON_NAME = AppIcon;
				CODE_SIGN_STYLE = Automatic;
				DEVELOPMENT_TEAM = 5N694U2NVC;
				INFOPLIST_FILE = Concentration/Info.plist;
				LD_RUNPATH_SEARCH_PATHS = (
					"$(inherited)",
					"@executable_path/Frameworks",
				);
				PRODUCT_BUNDLE_IDENTIFIER = ru.avgrebenkin.Concentration;
				PRODUCT_NAME = "$(TARGET_NAME)";
				SWIFT_VERSION = 5.0;
				TARGETED_DEVICE_FAMILY = "1,2";
			};
			name = Debug;
		};
		FA49301B24D94DAF00F99607 /* Release */ = {
			isa = XCBuildConfiguration;
			buildSettings = {
				ASSETCATALOG_COMPILER_APPICON_NAME = AppIcon;
				CODE_SIGN_STYLE = Automatic;
				DEVELOPMENT_TEAM = 5N694U2NVC;
				INFOPLIST_FILE = Concentration/Info.plist;
				LD_RUNPATH_SEARCH_PATHS = (
					"$(inherited)",
					"@executable_path/Frameworks",
				);
				PRODUCT_BUNDLE_IDENTIFIER = ru.avgrebenkin.Concentration;
				PRODUCT_NAME = "$(TARGET_NAME)";
				SWIFT_VERSION = 5.0;
				TARGETED_DEVICE_FAMILY = "1,2";
			};
			name = Release;
		};
/* End XCBuildConfiguration section */

/* Begin XCConfigurationList section */
		FA49300024D94DAC00F99607 /* Build configuration list for PBXProject "Concentration" */ = {
			isa = XCConfigurationList;
			buildConfigurations = (
				FA49301724D94DAF00F99607 /* Debug */,
				FA49301824D94DAF00F99607 /* Release */,
			);
			defaultConfigurationIsVisible = 0;
			defaultConfigurationName = Release;
		};
		FA49301924D94DAF00F99607 /* Build configuration list for PBXNativeTarget "Concentration" */ = {
			isa = XCConfigurationList;
			buildConfigurations = (
				FA49301A24D94DAF00F99607 /* Debug */,
				FA49301B24D94DAF00F99607 /* Release */,
			);
			defaultConfigurationIsVisible = 0;
			defaultConfigurationName = Release;
		};
/* End XCConfigurationList section */
	};
	rootObject = FA492FFD24D94DAC00F99607 /* Project object */;
}
